// !$*UTF8*$!
{
	archiveVersion = 1;
	classes = {
	};
	objectVersion = 46;
	objects = {

/* Begin PBXBuildFile section */
		D17D6EC31B2A5C80005A7141 /* main.m in Sources */ = {isa = PBXBuildFile; fileRef = D17D6EC21B2A5C80005A7141 /* main.m */; };
		D17D6EC61B2A5C80005A7141 /* AppDelegate.m in Sources */ = {isa = PBXBuildFile; fileRef = D17D6EC51B2A5C80005A7141 /* AppDelegate.m */; };
		D17D6EC91B2A5C80005A7141 /* CM_Init2.xcdatamodeld in Sources */ = {isa = PBXBuildFile; fileRef = D17D6EC71B2A5C80005A7141 /* CM_Init2.xcdatamodeld */; };
		D17D6ECC1B2A5C80005A7141 /* Start.m in Sources */ = {isa = PBXBuildFile; fileRef = D17D6ECB1B2A5C80005A7141 /* Start.m */; };
		D17D6ECF1B2A5C80005A7141 /* Main.storyboard in Resources */ = {isa = PBXBuildFile; fileRef = D17D6ECD1B2A5C80005A7141 /* Main.storyboard */; };
		D17D6ED11B2A5C80005A7141 /* Images.xcassets in Resources */ = {isa = PBXBuildFile; fileRef = D17D6ED01B2A5C80005A7141 /* Images.xcassets */; };
		D17D6ED41B2A5C80005A7141 /* LaunchScreen.xib in Resources */ = {isa = PBXBuildFile; fileRef = D17D6ED21B2A5C80005A7141 /* LaunchScreen.xib */; };
		D17D6EE01B2A5C80005A7141 /* CM_Init2Tests.m in Sources */ = {isa = PBXBuildFile; fileRef = D17D6EDF1B2A5C80005A7141 /* CM_Init2Tests.m */; };
		D17D6EF81B2A6EC4005A7141 /* avatars-0.png in Resources */ = {isa = PBXBuildFile; fileRef = D17D6EED1B2A6EC4005A7141 /* avatars-0.png */; };
		D17D6EF91B2A6EC4005A7141 /* avatars-1.png in Resources */ = {isa = PBXBuildFile; fileRef = D17D6EEE1B2A6EC4005A7141 /* avatars-1.png */; };
		D17D6EFA1B2A6EC4005A7141 /* avatars-10.png in Resources */ = {isa = PBXBuildFile; fileRef = D17D6EEF1B2A6EC4005A7141 /* avatars-10.png */; };
		D17D6EFB1B2A6EC4005A7141 /* avatars-2.png in Resources */ = {isa = PBXBuildFile; fileRef = D17D6EF01B2A6EC4005A7141 /* avatars-2.png */; };
		D17D6EFC1B2A6EC4005A7141 /* avatars-3.png in Resources */ = {isa = PBXBuildFile; fileRef = D17D6EF11B2A6EC4005A7141 /* avatars-3.png */; };
		D17D6EFD1B2A6EC4005A7141 /* avatars-4.png in Resources */ = {isa = PBXBuildFile; fileRef = D17D6EF21B2A6EC4005A7141 /* avatars-4.png */; };
		D17D6EFE1B2A6EC4005A7141 /* avatars-5.png in Resources */ = {isa = PBXBuildFile; fileRef = D17D6EF31B2A6EC4005A7141 /* avatars-5.png */; };
		D17D6EFF1B2A6EC4005A7141 /* avatars-6.png in Resources */ = {isa = PBXBuildFile; fileRef = D17D6EF41B2A6EC4005A7141 /* avatars-6.png */; };
		D17D6F001B2A6EC4005A7141 /* avatars-7.png in Resources */ = {isa = PBXBuildFile; fileRef = D17D6EF51B2A6EC4005A7141 /* avatars-7.png */; };
		D17D6F011B2A6EC4005A7141 /* avatars-8.png in Resources */ = {isa = PBXBuildFile; fileRef = D17D6EF61B2A6EC4005A7141 /* avatars-8.png */; };
		D17D6F021B2A6EC4005A7141 /* avatars-9.png in Resources */ = {isa = PBXBuildFile; fileRef = D17D6EF71B2A6EC4005A7141 /* avatars-9.png */; };
/* End PBXBuildFile section */

/* Begin PBXContainerItemProxy section */
		D17D6EDA1B2A5C80005A7141 /* PBXContainerItemProxy */ = {
			isa = PBXContainerItemProxy;
			containerPortal = D17D6EB51B2A5C80005A7141 /* Project object */;
			proxyType = 1;
			remoteGlobalIDString = D17D6EBC1B2A5C80005A7141;
			remoteInfo = "CM-Init2";
		};
/* End PBXContainerItemProxy section */

/* Begin PBXFileReference section */
		D17D6EBD1B2A5C80005A7141 /* CM-Init2.app */ = {isa = PBXFileReference; explicitFileType = wrapper.application; includeInIndex = 0; path = "CM-Init2.app"; sourceTree = BUILT_PRODUCTS_DIR; };
		D17D6EC11B2A5C80005A7141 /* Info.plist */ = {isa = PBXFileReference; lastKnownFileType = text.plist.xml; path = Info.plist; sourceTree = "<group>"; };
		D17D6EC21B2A5C80005A7141 /* main.m */ = {isa = PBXFileReference; lastKnownFileType = sourcecode.c.objc; path = main.m; sourceTree = "<group>"; };
		D17D6EC41B2A5C80005A7141 /* AppDelegate.h */ = {isa = PBXFileReference; lastKnownFileType = sourcecode.c.h; path = AppDelegate.h; sourceTree = "<group>"; };
		D17D6EC51B2A5C80005A7141 /* AppDelegate.m */ = {isa = PBXFileReference; lastKnownFileType = sourcecode.c.objc; path = AppDelegate.m; sourceTree = "<group>"; };
		D17D6EC81B2A5C80005A7141 /* CM_Init2.xcdatamodel */ = {isa = PBXFileReference; lastKnownFileType = wrapper.xcdatamodel; path = CM_Init2.xcdatamodel; sourceTree = "<group>"; };
		D17D6ECA1B2A5C80005A7141 /* Start.h */ = {isa = PBXFileReference; lastKnownFileType = sourcecode.c.h; path = Start.h; sourceTree = "<group>"; };
		D17D6ECB1B2A5C80005A7141 /* Start.m */ = {isa = PBXFileReference; lastKnownFileType = sourcecode.c.objc; path = Start.m; sourceTree = "<group>"; };
		D17D6ECE1B2A5C80005A7141 /* Base */ = {isa = PBXFileReference; lastKnownFileType = file.storyboard; name = Base; path = Base.lproj/Main.storyboard; sourceTree = "<group>"; };
		D17D6ED01B2A5C80005A7141 /* Images.xcassets */ = {isa = PBXFileReference; lastKnownFileType = folder.assetcatalog; path = Images.xcassets; sourceTree = "<group>"; };
		D17D6ED31B2A5C80005A7141 /* Base */ = {isa = PBXFileReference; lastKnownFileType = file.xib; name = Base; path = Base.lproj/LaunchScreen.xib; sourceTree = "<group>"; };
		D17D6ED91B2A5C80005A7141 /* CM-Init2Tests.xctest */ = {isa = PBXFileReference; explicitFileType = wrapper.cfbundle; includeInIndex = 0; path = "CM-Init2Tests.xctest"; sourceTree = BUILT_PRODUCTS_DIR; };
		D17D6EDE1B2A5C80005A7141 /* Info.plist */ = {isa = PBXFileReference; lastKnownFileType = text.plist.xml; path = Info.plist; sourceTree = "<group>"; };
		D17D6EDF1B2A5C80005A7141 /* CM_Init2Tests.m */ = {isa = PBXFileReference; lastKnownFileType = sourcecode.c.objc; path = CM_Init2Tests.m; sourceTree = "<group>"; };
		D17D6EED1B2A6EC4005A7141 /* avatars-0.png */ = {isa = PBXFileReference; lastKnownFileType = image.png; path = "avatars-0.png"; sourceTree = "<group>"; };
		D17D6EEE1B2A6EC4005A7141 /* avatars-1.png */ = {isa = PBXFileReference; lastKnownFileType = image.png; path = "avatars-1.png"; sourceTree = "<group>"; };
		D17D6EEF1B2A6EC4005A7141 /* avatars-10.png */ = {isa = PBXFileReference; lastKnownFileType = image.png; path = "avatars-10.png"; sourceTree = "<group>"; };
		D17D6EF01B2A6EC4005A7141 /* avatars-2.png */ = {isa = PBXFileReference; lastKnownFileType = image.png; path = "avatars-2.png"; sourceTree = "<group>"; };
		D17D6EF11B2A6EC4005A7141 /* avatars-3.png */ = {isa = PBXFileReference; lastKnownFileType = image.png; path = "avatars-3.png"; sourceTree = "<group>"; };
		D17D6EF21B2A6EC4005A7141 /* avatars-4.png */ = {isa = PBXFileReference; lastKnownFileType = image.png; path = "avatars-4.png"; sourceTree = "<group>"; };
		D17D6EF31B2A6EC4005A7141 /* avatars-5.png */ = {isa = PBXFileReference; lastKnownFileType = image.png; path = "avatars-5.png"; sourceTree = "<group>"; };
		D17D6EF41B2A6EC4005A7141 /* avatars-6.png */ = {isa = PBXFileReference; lastKnownFileType = image.png; path = "avatars-6.png"; sourceTree = "<group>"; };
		D17D6EF51B2A6EC4005A7141 /* avatars-7.png */ = {isa = PBXFileReference; lastKnownFileType = image.png; path = "avatars-7.png"; sourceTree = "<group>"; };
		D17D6EF61B2A6EC4005A7141 /* avatars-8.png */ = {isa = PBXFileReference; lastKnownFileType = image.png; path = "avatars-8.png"; sourceTree = "<group>"; };
		D17D6EF71B2A6EC4005A7141 /* avatars-9.png */ = {isa = PBXFileReference; lastKnownFileType = image.png; path = "avatars-9.png"; sourceTree = "<group>"; };
/* End PBXFileReference section */

/* Begin PBXFrameworksBuildPhase section */
		D17D6EBA1B2A5C80005A7141 /* Frameworks */ = {
			isa = PBXFrameworksBuildPhase;
			buildActionMask = 2147483647;
			files = (
			);
			runOnlyForDeploymentPostprocessing = 0;
		};
		D17D6ED61B2A5C80005A7141 /* Frameworks */ = {
			isa = PBXFrameworksBuildPhase;
			buildActionMask = 2147483647;
			files = (
			);
			runOnlyForDeploymentPostprocessing = 0;
		};
/* End PBXFrameworksBuildPhase section */

/* Begin PBXGroup section */
		D17D6EB41B2A5C80005A7141 = {
			isa = PBXGroup;
			children = (
				D17D6EBF1B2A5C80005A7141 /* CM-Init2 */,
				D17D6EDC1B2A5C80005A7141 /* CM-Init2Tests */,
				D17D6EBE1B2A5C80005A7141 /* Products */,
			);
			sourceTree = "<group>";
		};
		D17D6EBE1B2A5C80005A7141 /* Products */ = {
			isa = PBXGroup;
			children = (
				D17D6EBD1B2A5C80005A7141 /* CM-Init2.app */,
				D17D6ED91B2A5C80005A7141 /* CM-Init2Tests.xctest */,
			);
			name = Products;
			sourceTree = "<group>";
		};
		D17D6EBF1B2A5C80005A7141 /* CM-Init2 */ = {
			isa = PBXGroup;
			children = (
				D17D6EE91B2A5DBF005A7141 /* Main */,
				D17D6EEA1B2A5DD4005A7141 /* Controllers */,
				D17D6ECD1B2A5C80005A7141 /* Main.storyboard */,
				D17D6EEC1B2A6EC4005A7141 /* imgs */,
				D17D6ED01B2A5C80005A7141 /* Images.xcassets */,
				D17D6ED21B2A5C80005A7141 /* LaunchScreen.xib */,
				D17D6EC71B2A5C80005A7141 /* CM_Init2.xcdatamodeld */,
				D17D6EC01B2A5C80005A7141 /* Supporting Files */,
			);
			path = "CM-Init2";
			sourceTree = "<group>";
		};
		D17D6EC01B2A5C80005A7141 /* Supporting Files */ = {
			isa = PBXGroup;
			children = (
				D17D6EC11B2A5C80005A7141 /* Info.plist */,
				D17D6EC21B2A5C80005A7141 /* main.m */,
			);
			name = "Supporting Files";
			sourceTree = "<group>";
		};
		D17D6EDC1B2A5C80005A7141 /* CM-Init2Tests */ = {
			isa = PBXGroup;
			children = (
				D17D6EDF1B2A5C80005A7141 /* CM_Init2Tests.m */,
				D17D6EDD1B2A5C80005A7141 /* Supporting Files */,
			);
			path = "CM-Init2Tests";
			sourceTree = "<group>";
		};
		D17D6EDD1B2A5C80005A7141 /* Supporting Files */ = {
			isa = PBXGroup;
			children = (
				D17D6EDE1B2A5C80005A7141 /* Info.plist */,
			);
			name = "Supporting Files";
			sourceTree = "<group>";
		};
		D17D6EE91B2A5DBF005A7141 /* Main */ = {
			isa = PBXGroup;
			children = (
				D17D6EC41B2A5C80005A7141 /* AppDelegate.h */,
				D17D6EC51B2A5C80005A7141 /* AppDelegate.m */,
			);
			name = Main;
			sourceTree = "<group>";
		};
		D17D6EEA1B2A5DD4005A7141 /* Controllers */ = {
			isa = PBXGroup;
			children = (
				D17D6ECA1B2A5C80005A7141 /* Start.h */,
				D17D6ECB1B2A5C80005A7141 /* Start.m */,
			);
			name = Controllers;
			sourceTree = "<group>";
		};
		D17D6EEC1B2A6EC4005A7141 /* imgs */ = {
			isa = PBXGroup;
			children = (
				D17D6EED1B2A6EC4005A7141 /* avatars-0.png */,
				D17D6EEE1B2A6EC4005A7141 /* avatars-1.png */,
				D17D6EEF1B2A6EC4005A7141 /* avatars-10.png */,
				D17D6EF01B2A6EC4005A7141 /* avatars-2.png */,
				D17D6EF11B2A6EC4005A7141 /* avatars-3.png */,
				D17D6EF21B2A6EC4005A7141 /* avatars-4.png */,
				D17D6EF31B2A6EC4005A7141 /* avatars-5.png */,
				D17D6EF41B2A6EC4005A7141 /* avatars-6.png */,
				D17D6EF51B2A6EC4005A7141 /* avatars-7.png */,
				D17D6EF61B2A6EC4005A7141 /* avatars-8.png */,
				D17D6EF71B2A6EC4005A7141 /* avatars-9.png */,
			);
			path = imgs;
			sourceTree = "<group>";
		};
/* End PBXGroup section */

/* Begin PBXNativeTarget section */
		D17D6EBC1B2A5C80005A7141 /* CM-Init2 */ = {
			isa = PBXNativeTarget;
			buildConfigurationList = D17D6EE31B2A5C80005A7141 /* Build configuration list for PBXNativeTarget "CM-Init2" */;
			buildPhases = (
				D17D6EB91B2A5C80005A7141 /* Sources */,
				D17D6EBA1B2A5C80005A7141 /* Frameworks */,
				D17D6EBB1B2A5C80005A7141 /* Resources */,
			);
			buildRules = (
			);
			dependencies = (
			);
			name = "CM-Init2";
			productName = "CM-Init2";
			productReference = D17D6EBD1B2A5C80005A7141 /* CM-Init2.app */;
			productType = "com.apple.product-type.application";
		};
		D17D6ED81B2A5C80005A7141 /* CM-Init2Tests */ = {
			isa = PBXNativeTarget;
			buildConfigurationList = D17D6EE61B2A5C80005A7141 /* Build configuration list for PBXNativeTarget "CM-Init2Tests" */;
			buildPhases = (
				D17D6ED51B2A5C80005A7141 /* Sources */,
				D17D6ED61B2A5C80005A7141 /* Frameworks */,
				D17D6ED71B2A5C80005A7141 /* Resources */,
			);
			buildRules = (
			);
			dependencies = (
				D17D6EDB1B2A5C80005A7141 /* PBXTargetDependency */,
			);
			name = "CM-Init2Tests";
			productName = "CM-Init2Tests";
			productReference = D17D6ED91B2A5C80005A7141 /* CM-Init2Tests.xctest */;
			productType = "com.apple.product-type.bundle.unit-test";
		};
/* End PBXNativeTarget section */

/* Begin PBXProject section */
		D17D6EB51B2A5C80005A7141 /* Project object */ = {
			isa = PBXProject;
			attributes = {
				LastUpgradeCheck = 0630;
				ORGANIZATIONNAME = Smartplace;
				TargetAttributes = {
					D17D6EBC1B2A5C80005A7141 = {
						CreatedOnToolsVersion = 6.3.1;
					};
					D17D6ED81B2A5C80005A7141 = {
						CreatedOnToolsVersion = 6.3.1;
						TestTargetID = D17D6EBC1B2A5C80005A7141;
					};
				};
			};
			buildConfigurationList = D17D6EB81B2A5C80005A7141 /* Build configuration list for PBXProject "CM-Init2" */;
			compatibilityVersion = "Xcode 3.2";
			developmentRegion = English;
			hasScannedForEncodings = 0;
			knownRegions = (
				en,
				Base,
			);
			mainGroup = D17D6EB41B2A5C80005A7141;
			productRefGroup = D17D6EBE1B2A5C80005A7141 /* Products */;
			projectDirPath = "";
			projectRoot = "";
			targets = (
				D17D6EBC1B2A5C80005A7141 /* CM-Init2 */,
				D17D6ED81B2A5C80005A7141 /* CM-Init2Tests */,
			);
		};
/* End PBXProject section */

/* Begin PBXResourcesBuildPhase section */
		D17D6EBB1B2A5C80005A7141 /* Resources */ = {
			isa = PBXResourcesBuildPhase;
			buildActionMask = 2147483647;
			files = (
				D17D6EF91B2A6EC4005A7141 /* avatars-1.png in Resources */,
				D17D6EFB1B2A6EC4005A7141 /* avatars-2.png in Resources */,
				D17D6EFE1B2A6EC4005A7141 /* avatars-5.png in Resources */,
				D17D6F011B2A6EC4005A7141 /* avatars-8.png in Resources */,
				D17D6EFC1B2A6EC4005A7141 /* avatars-3.png in Resources */,
				D17D6ECF1B2A5C80005A7141 /* Main.storyboard in Resources */,
				D17D6ED41B2A5C80005A7141 /* LaunchScreen.xib in Resources */,
				D17D6F001B2A6EC4005A7141 /* avatars-7.png in Resources */,
				D17D6F021B2A6EC4005A7141 /* avatars-9.png in Resources */,
				D17D6ED11B2A5C80005A7141 /* Images.xcassets in Resources */,
				D17D6EFD1B2A6EC4005A7141 /* avatars-4.png in Resources */,
				D17D6EF81B2A6EC4005A7141 /* avatars-0.png in Resources */,
				D17D6EFA1B2A6EC4005A7141 /* avatars-10.png in Resources */,
				D17D6EFF1B2A6EC4005A7141 /* avatars-6.png in Resources */,
			);
			runOnlyForDeploymentPostprocessing = 0;
		};
		D17D6ED71B2A5C80005A7141 /* Resources */ = {
			isa = PBXResourcesBuildPhase;
			buildActionMask = 2147483647;
			files = (
			);
			runOnlyForDeploymentPostprocessing = 0;
		};
/* End PBXResourcesBuildPhase section */

/* Begin PBXSourcesBuildPhase section */
		D17D6EB91B2A5C80005A7141 /* Sources */ = {
			isa = PBXSourcesBuildPhase;
			buildActionMask = 2147483647;
			files = (
				D17D6EC61B2A5C80005A7141 /* AppDelegate.m in Sources */,
				D17D6EC91B2A5C80005A7141 /* CM_Init2.xcdatamodeld in Sources */,
				D17D6ECC1B2A5C80005A7141 /* Start.m in Sources */,
				D17D6EC31B2A5C80005A7141 /* main.m in Sources */,
			);
			runOnlyForDeploymentPostprocessing = 0;
		};
		D17D6ED51B2A5C80005A7141 /* Sources */ = {
			isa = PBXSourcesBuildPhase;
			buildActionMask = 2147483647;
			files = (
				D17D6EE01B2A5C80005A7141 /* CM_Init2Tests.m in Sources */,
			);
			runOnlyForDeploymentPostprocessing = 0;
		};
/* End PBXSourcesBuildPhase section */

/* Begin PBXTargetDependency section */
		D17D6EDB1B2A5C80005A7141 /* PBXTargetDependency */ = {
			isa = PBXTargetDependency;
			target = D17D6EBC1B2A5C80005A7141 /* CM-Init2 */;
			targetProxy = D17D6EDA1B2A5C80005A7141 /* PBXContainerItemProxy */;
		};
/* End PBXTargetDependency section */

/* Begin PBXVariantGroup section */
		D17D6ECD1B2A5C80005A7141 /* Main.storyboard */ = {
			isa = PBXVariantGroup;
			children = (
				D17D6ECE1B2A5C80005A7141 /* Base */,
			);
			name = Main.storyboard;
			sourceTree = "<group>";
		};
		D17D6ED21B2A5C80005A7141 /* LaunchScreen.xib */ = {
			isa = PBXVariantGroup;
			children = (
				D17D6ED31B2A5C80005A7141 /* Base */,
			);
			name = LaunchScreen.xib;
			sourceTree = "<group>";
		};
/* End PBXVariantGroup section */

/* Begin XCBuildConfiguration section */
		D17D6EE11B2A5C80005A7141 /* Debug */ = {
			isa = XCBuildConfiguration;
			buildSettings = {
				ALWAYS_SEARCH_USER_PATHS = NO;
				CLANG_CXX_LANGUAGE_STANDARD = "gnu++0x";
				CLANG_CXX_LIBRARY = "libc++";
				CLANG_ENABLE_MODULES = YES;
				CLANG_ENABLE_OBJC_ARC = YES;
				CLANG_WARN_BOOL_CONVERSION = YES;
				CLANG_WARN_CONSTANT_CONVERSION = YES;
				CLANG_WARN_DIRECT_OBJC_ISA_USAGE = YES_ERROR;
				CLANG_WARN_EMPTY_BODY = YES;
				CLANG_WARN_ENUM_CONVERSION = YES;
				CLANG_WARN_INT_CONVERSION = YES;
				CLANG_WARN_OBJC_ROOT_CLASS = YES_ERROR;
				CLANG_WARN_UNREACHABLE_CODE = YES;
				CLANG_WARN__DUPLICATE_METHOD_MATCH = YES;
				"CODE_SIGN_IDENTITY[sdk=iphoneos*]" = "iPhone Developer";
				COPY_PHASE_STRIP = NO;
				DEBUG_INFORMATION_FORMAT = "dwarf-with-dsym";
				ENABLE_STRICT_OBJC_MSGSEND = YES;
				GCC_C_LANGUAGE_STANDARD = gnu99;
				GCC_DYNAMIC_NO_PIC = NO;
				GCC_NO_COMMON_BLOCKS = YES;
				GCC_OPTIMIZATION_LEVEL = 0;
				GCC_PREPROCESSOR_DEFINITIONS = (
					"DEBUG=1",
					"$(inherited)",
				);
				GCC_SYMBOLS_PRIVATE_EXTERN = NO;
				GCC_WARN_64_TO_32_BIT_CONVERSION = YES;
				GCC_WARN_ABOUT_RETURN_TYPE = YES_ERROR;
				GCC_WARN_UNDECLARED_SELECTOR = YES;
				GCC_WARN_UNINITIALIZED_AUTOS = YES_AGGRESSIVE;
				GCC_WARN_UNUSED_FUNCTION = YES;
				GCC_WARN_UNUSED_VARIABLE = YES;
				IPHONEOS_DEPLOYMENT_TARGET = 8.3;
				MTL_ENABLE_DEBUG_INFO = YES;
				ONLY_ACTIVE_ARCH = YES;
				SDKROOT = iphoneos;
			};
			name = Debug;
		};
		D17D6EE21B2A5C80005A7141 /* Release */ = {
			isa = XCBuildConfiguration;
			buildSettings = {
				ALWAYS_SEARCH_USER_PATHS = NO;
				CLANG_CXX_LANGUAGE_STANDARD = "gnu++0x";
				CLANG_CXX_LIBRARY = "libc++";
				CLANG_ENABLE_MODULES = YES;
				CLANG_ENABLE_OBJC_ARC = YES;
				CLANG_WARN_BOOL_CONVERSION = YES;
				CLANG_WARN_CONSTANT_CONVERSION = YES;
				CLANG_WARN_DIRECT_OBJC_ISA_USAGE = YES_ERROR;
				CLANG_WARN_EMPTY_BODY = YES;
				CLANG_WARN_ENUM_CONVERSION = YES;
				CLANG_WARN_INT_CONVERSION = YES;
				CLANG_WARN_OBJC_ROOT_CLASS = YES_ERROR;
				CLANG_WARN_UNREACHABLE_CODE = YES;
				CLANG_WARN__DUPLICATE_METHOD_MATCH = YES;
				"CODE_SIGN_IDENTITY[sdk=iphoneos*]" = "iPhone Developer";
				COPY_PHASE_STRIP = NO;
				DEBUG_INFORMATION_FORMAT = "dwarf-with-dsym";
				ENABLE_NS_ASSERTIONS = NO;
				ENABLE_STRICT_OBJC_MSGSEND = YES;
				GCC_C_LANGUAGE_STANDARD = gnu99;
				GCC_NO_COMMON_BLOCKS = YES;
				GCC_WARN_64_TO_32_BIT_CONVERSION = YES;
				GCC_WARN_ABOUT_RETURN_TYPE = YES_ERROR;
				GCC_WARN_UNDECLARED_SELECTOR = YES;
				GCC_WARN_UNINITIALIZED_AUTOS = YES_AGGRESSIVE;
				GCC_WARN_UNUSED_FUNCTION = YES;
				GCC_WARN_UNUSED_VARIABLE = YES;
				IPHONEOS_DEPLOYMENT_TARGET = 8.3;
				MTL_ENABLE_DEBUG_INFO = NO;
				SDKROOT = iphoneos;
				VALIDATE_PRODUCT = YES;
			};
			name = Release;
		};
		D17D6EE41B2A5C80005A7141 /* Debug */ = {
			isa = XCBuildConfiguration;
			buildSettings = {
				ASSETCATALOG_COMPILER_APPICON_NAME = AppIcon;
				INFOPLIST_FILE = "CM-Init2/Info.plist";
				LD_RUNPATH_SEARCH_PATHS = "$(inherited) @executable_path/Frameworks";
				PRODUCT_NAME = "$(TARGET_NAME)";
			};
			name = Debug;
		};
		D17D6EE51B2A5C80005A7141 /* Release */ = {
			isa = XCBuildConfiguration;
			buildSettings = {
				ASSETCATALOG_COMPILER_APPICON_NAME = AppIcon;
				INFOPLIST_FILE = "CM-Init2/Info.plist";
				LD_RUNPATH_SEARCH_PATHS = "$(inherited) @executable_path/Frameworks";
				PRODUCT_NAME = "$(TARGET_NAME)";
			};
			name = Release;
		};
		D17D6EE71B2A5C80005A7141 /* Debug */ = {
			isa = XCBuildConfiguration;
			buildSettings = {
				BUNDLE_LOADER = "$(TEST_HOST)";
				FRAMEWORK_SEARCH_PATHS = (
					"$(SDKROOT)/Developer/Library/Frameworks",
					"$(inherited)",
				);
				GCC_PREPROCESSOR_DEFINITIONS = (
					"DEBUG=1",
					"$(inherited)",
				);
				INFOPLIST_FILE = "CM-Init2Tests/Info.plist";
				LD_RUNPATH_SEARCH_PATHS = "$(inherited) @executable_path/Frameworks @loader_path/Frameworks";
				PRODUCT_NAME = "$(TARGET_NAME)";
				TEST_HOST = "$(BUILT_PRODUCTS_DIR)/CM-Init2.app/CM-Init2";
			};
			name = Debug;
		};
		D17D6EE81B2A5C80005A7141 /* Release */ = {
			isa = XCBuildConfiguration;
			buildSettings = {
				BUNDLE_LOADER = "$(TEST_HOST)";
				FRAMEWORK_SEARCH_PATHS = (
					"$(SDKROOT)/Developer/Library/Frameworks",
					"$(inherited)",
				);
				INFOPLIST_FILE = "CM-Init2Tests/Info.plist";
				LD_RUNPATH_SEARCH_PATHS = "$(inherited) @executable_path/Frameworks @loader_path/Frameworks";
				PRODUCT_NAME = "$(TARGET_NAME)";
				TEST_HOST = "$(BUILT_PRODUCTS_DIR)/CM-Init2.app/CM-Init2";
			};
			name = Release;
		};
/* End XCBuildConfiguration section */

/* Begin XCConfigurationList section */
		D17D6EB81B2A5C80005A7141 /* Build configuration list for PBXProject "CM-Init2" */ = {
			isa = XCConfigurationList;
			buildConfigurations = (
				D17D6EE11B2A5C80005A7141 /* Debug */,
				D17D6EE21B2A5C80005A7141 /* Release */,
			);
			defaultConfigurationIsVisible = 0;
			defaultConfigurationName = Release;
		};
		D17D6EE31B2A5C80005A7141 /* Build configuration list for PBXNativeTarget "CM-Init2" */ = {
			isa = XCConfigurationList;
			buildConfigurations = (
				D17D6EE41B2A5C80005A7141 /* Debug */,
				D17D6EE51B2A5C80005A7141 /* Release */,
			);
			defaultConfigurationIsVisible = 0;
		};
		D17D6EE61B2A5C80005A7141 /* Build configuration list for PBXNativeTarget "CM-Init2Tests" */ = {
			isa = XCConfigurationList;
			buildConfigurations = (
				D17D6EE71B2A5C80005A7141 /* Debug */,
				D17D6EE81B2A5C80005A7141 /* Release */,
			);
			defaultConfigurationIsVisible = 0;
		};
/* End XCConfigurationList section */

/* Begin XCVersionGroup section */
		D17D6EC71B2A5C80005A7141 /* CM_Init2.xcdatamodeld */ = {
			isa = XCVersionGroup;
			children = (
				D17D6EC81B2A5C80005A7141 /* CM_Init2.xcdatamodel */,
			);
			currentVersion = D17D6EC81B2A5C80005A7141 /* CM_Init2.xcdatamodel */;
			path = CM_Init2.xcdatamodeld;
			sourceTree = "<group>";
			versionGroupType = wrapper.xcdatamodel;
		};
/* End XCVersionGroup section */
	};
	rootObject = D17D6EB51B2A5C80005A7141 /* Project object */;
}
